
Microsoft Visual Studio Solution File, Format Version 12.00
# Visual Studio Version 17
VisualStudioVersion = 17.7.34202.233
MinimumVisualStudioVersion = 10.0.40219.1
Project("{FAE04EC0-301F-11D3-BF4B-00C04F79EFBC}") = "CA_Northwınd", "CA_Northwınd\CA_Northwınd.csproj", "{D2B98A02-1418-47F3-B240-46B24AA55C9F}"
EndProject
Global
	GlobalSection(SolutionConfigurationPlatforms) = preSolution
		Debug|Any CPU = Debug|Any CPU
		Release|Any CPU = Release|Any CPU
	EndGlobalSection
	GlobalSection(ProjectConfigurationPlatforms) = postSolution
		{D2B98A02-1418-47F3-B240-46B24AA55C9F}.Debug|Any CPU.ActiveCfg = Debug|Any CPU
		{D2B98A02-1418-47F3-B240-46B24AA55C9F}.Debug|Any CPU.Build.0 = Debug|Any CPU
		{D2B98A02-1418-47F3-B240-46B24AA55C9F}.Release|Any CPU.ActiveCfg = Release|Any CPU
		{D2B98A02-1418-47F3-B240-46B24AA55C9F}.Release|Any CPU.Build.0 = Release|Any CPU
	EndGlobalSection
	GlobalSection(SolutionProperties) = preSolution
		HideSolutionNode = FALSE
	EndGlobalSection
	GlobalSection(ExtensibilityGlobals) = postSolution
		SolutionGuid = {46B784EF-E475-4E41-AF71-E1971C1A63C6}
	EndGlobalSection
EndGlobal
